# THIS IS AN AUTOGENERATED FILE. DO NOT EDIT THIS FILE DIRECTLY.
# yarn lockfile v1


"@ax/apax-build@0.4.1":
  version "0.4.1"
  resolved "https://apax-prod-734703289705.d.codeartifact.eu-central-1.amazonaws.com:443/npm/ax/@ax/apax-build/-/apax-build-0.4.1.tgz#634fd5faf0f1f63dfd731fbf66f031043873dee6"
  integrity sha512-WXA+SNLJpNknHaJt6gaF534flAkAR9HHat7aQg6Pn+ejG/q1a1a99UgLe/1egVSH+O/XOc0tU1N0tfSVfLXf7g==
  dependencies:
    "@ax/third-party-licenses-apax-build" "0.4.1"

"@ax/axunit-docs@1.5.4314":
  version "1.5.4314"
  resolved "https://apax-prod-734703289705.d.codeartifact.eu-central-1.amazonaws.com:443/npm/ax/@ax/axunit-docs/-/axunit-docs-1.5.4314.tgz#590826ae87abe08859ff2fe9ec21bf09451100b5"
  integrity sha512-5f/i2rLtwqByef7F8etgPS15RNrbfHrFPXB0Ng8g+I4aois0RNVVgcW/fFWsj8o3DsQnNA+z0SEuXv2INNX2VA==

"@ax/axunit-library@1.5.4314":
  version "1.5.4314"
  resolved "https://apax-prod-734703289705.d.codeartifact.eu-central-1.amazonaws.com:443/npm/ax/@ax/axunit-library/-/axunit-library-1.5.4314.tgz#25d4e533f6f85d58552cea6a148ad27d59a1cda8"
  integrity sha512-k2lsJ7BxT1Uvo1RsvvPz0vS3D7j/685AJOgFO/XR3YXoAFSriMkSET+M4+hjsfKc/IGUqPi/XEQlIAeW/OTKBQ==

"@ax/axunit-llvm-runner-gen@1.5.4314":
  version "1.5.4314"
  resolved "https://apax-prod-734703289705.d.codeartifact.eu-central-1.amazonaws.com:443/npm/ax/@ax/axunit-llvm-runner-gen/-/axunit-llvm-runner-gen-1.5.4314.tgz#064ff32cdda6a725475f5e228f384bf8f2e309b8"
  integrity sha512-/G7L2cNUWCvt3lMp/qa+eTXctB5PIeUAnw6F4kUVWiJdxvPGx03UeIssj9jjLmWAqskgHTrM5cuyKErxFmPl6g==

"@ax/axunit-runner-llvm-linux-x64@1.5.4314":
  version "1.5.4314"
  resolved "https://apax-prod-734703289705.d.codeartifact.eu-central-1.amazonaws.com:443/npm/ax/@ax/axunit-runner-llvm-linux-x64/-/axunit-runner-llvm-linux-x64-1.5.4314.tgz#6991cb7aab261b31098545cc0c762646545e0a89"
  integrity sha512-fAj5tpcpc+ZbRhLM+HCmDJvKh67qZNF6Ej+TuRIaQMzn2F2ZvaY0EILHmzFBpnVCyNUtGJIVca5xaXC+zBQkZQ==

"@ax/axunit-runner-llvm-win-x64@1.5.4314":
  version "1.5.4314"
  resolved "https://apax-prod-734703289705.d.codeartifact.eu-central-1.amazonaws.com:443/npm/ax/@ax/axunit-runner-llvm-win-x64/-/axunit-runner-llvm-win-x64-1.5.4314.tgz#ee2bc963d06396fffb574f6495f38e1011bdfcdf"
  integrity sha512-jhmGZRLDxq8mJbYEgrxTT0CnWxTWcX3iJitSpP0AM4U3BQRa6vMPzRNTjqxVmgzLgaf84uaDCiIkvbVIByWw9Q==

"@ax/axunit-runner-llvm@1.5.4314":
  version "1.5.4314"
  resolved "https://apax-prod-734703289705.d.codeartifact.eu-central-1.amazonaws.com:443/npm/ax/@ax/axunit-runner-llvm/-/axunit-runner-llvm-1.5.4314.tgz#aeabd9426e7db8c0483183a4fd051f44ff57488f"
  integrity sha512-1HJVIvhDgnTWO4+im8YTmEUfnKA1Y0A/MvlJL3YFg/cQ3I0Ws6pJIr9KcbAOQcpjaryQyF8i2ksbevjDFpraRw==
  optionalDependencies:
    "@ax/axunit-runner-llvm-linux-x64" "1.5.4314"
    "@ax/axunit-runner-llvm-win-x64" "1.5.4314"

"@ax/axunit-runner-mc7plus-win-x64@1.5.4314":
  version "1.5.4314"
  resolved "https://apax-prod-734703289705.d.codeartifact.eu-central-1.amazonaws.com:443/npm/ax/@ax/axunit-runner-mc7plus-win-x64/-/axunit-runner-mc7plus-win-x64-1.5.4314.tgz#3b7a1bba228909e979216c6f9de8581d8dbd791f"
  integrity sha512-xKySGayCk4Zo4LK7XvtNKFSE6CoRBbR529kjifq6Ww5l79PwPMFt15Bfif0NRmv1jHCvB4eDnG1fR9Dc8LTPpA==

"@ax/axunit-runner-mc7plus@1.5.4314":
  version "1.5.4314"
  resolved "https://apax-prod-734703289705.d.codeartifact.eu-central-1.amazonaws.com:443/npm/ax/@ax/axunit-runner-mc7plus/-/axunit-runner-mc7plus-1.5.4314.tgz#52657b7bb21aabdf44388af2b0776bd99589b342"
  integrity sha512-iLG2IA9TeJEV33RL6kLC/uwGt+4+7slR1pFD2TwYTWtYEeodo+wDe79S+B5a41ULlNAVfNvTso/lQOF5PvvbpA==
  optionalDependencies:
    "@ax/axunit-runner-mc7plus-win-x64" "1.5.4314"

"@ax/axunit@1.5.4314":
  version "1.5.4314"
  resolved "https://apax-prod-734703289705.d.codeartifact.eu-central-1.amazonaws.com:443/npm/ax/@ax/axunit/-/axunit-1.5.4314.tgz#14509a9aed802e0575eddef0512cebf2d43b7093"
  integrity sha512-mts2JErzLejU7HCUshDql+hqlGvSChp7EmFpXs5vMh+m9sFj71N4/Ji+49t51xx1BkPJSAjondwqGsUylUdVqw==
  dependencies:
    "@ax/axunit-docs" "1.5.4314"
    "@ax/axunit-library" "1.5.4314"
    "@ax/axunit-llvm-runner-gen" "1.5.4314"
    "@ax/axunit-runner-llvm" "1.5.4314"
    "@ax/axunit-runner-mc7plus" "1.5.4314"
    "@ax/build-native" "10.0.501"
    "@ax/target-axunit" "1.5.4314"

"@ax/build-native-linux@10.0.501":
  version "10.0.501"
  resolved "https://apax-prod-734703289705.d.codeartifact.eu-central-1.amazonaws.com:443/npm/ax/@ax/build-native-linux/-/build-native-linux-10.0.501.tgz#2cfc0c4fee1f7cd938aec488080357b156e19433"
  integrity sha512-Zw4o/5P5KE3zs3EsnovSXr7C5ROG2NBUr/xdG9+LEqp/a2hJVngCge/VsvBFiMOT8KtdRXIOVaIQp00KR9COsA==
  dependencies:
    "@ax/third-party-licenses-build-native" "10.0.501"

"@ax/build-native-winx64@10.0.501":
  version "10.0.501"
  resolved "https://apax-prod-734703289705.d.codeartifact.eu-central-1.amazonaws.com:443/npm/ax/@ax/build-native-winx64/-/build-native-winx64-10.0.501.tgz#3ce8c3159ebfdf0d0c727a5b833c6cae5ae05982"
  integrity sha512-+3VZ61qf4Hn8JQVaArrBDUrxkfo5oxdAbimmZj39H8Dhe5HNya/DF+CLzDSRkvGwoo3dK/3B20//CZApX8na7A==
  dependencies:
    "@ax/third-party-licenses-build-native" "10.0.501"

"@ax/build-native@10.0.501":
  version "10.0.501"
  resolved "https://apax-prod-734703289705.d.codeartifact.eu-central-1.amazonaws.com:443/npm/ax/@ax/build-native/-/build-native-10.0.501.tgz#90e58e732b8db71dd685eb0321e27bac4c9475ad"
  integrity sha512-1iru76VA/TGwxJfqRVUbm1XMDfvgCofAxAcL1PkjPg1oVoMbrSbFaqTqCn0E1GvujnKtpBlViZaYgFNRvUZF5w==
  dependencies:
    "@ax/third-party-licenses-build-native" "10.0.501"
  optionalDependencies:
    "@ax/build-native-linux" "10.0.501"
    "@ax/build-native-winx64" "10.0.501"

"@ax/diag-linux-x64@0.15.3":
  version "0.15.3"
  resolved "https://apax-prod-734703289705.d.codeartifact.eu-central-1.amazonaws.com:443/npm/ax/@ax/diag-linux-x64/-/diag-linux-x64-0.15.3.tgz#807929fda383f9cff08e2818c1fb0b0550f726a4"
  integrity sha512-kMvf0XolfWvsU6yJMNlPr3S0Gl+xon5RUZmBf1VrS0UaQMB97bZYzpuCcBXGLcYpfi3GlOVaKSxLq38JXkAuZA==
  dependencies:
    "@ax/third-party-licenses-monitor" "0.15.3"

"@ax/diag-win-x64@0.15.3":
  version "0.15.3"
  resolved "https://apax-prod-734703289705.d.codeartifact.eu-central-1.amazonaws.com:443/npm/ax/@ax/diag-win-x64/-/diag-win-x64-0.15.3.tgz#6d88e41ba32a79d6a815824081d87293f18d4432"
  integrity sha512-IYbQOxZxWu0yn+Ncj9B+m/SZC0uLA/WmGrY/O3Y+HV6T0ek4n/gvQGiz5J4ZSfCPJMygo54qC1oAxSE8LQeE6g==
  dependencies:
    "@ax/third-party-licenses-monitor" "0.15.3"

"@ax/diag@0.15.3":
  version "0.15.3"
  resolved "https://apax-prod-734703289705.d.codeartifact.eu-central-1.amazonaws.com:443/npm/ax/@ax/diag/-/diag-0.15.3.tgz#6732a71a0c1e2b429e5e67549af35d99b31343e3"
  integrity sha512-3V3sCXqvO6szF61XOsNzK/armgxMzHTMT48GebNXAKT+cw1P0Rhk2c6c0Z1lzH0KIoC7pCDFZ62VKaC1iyo2uQ==
  dependencies:
    "@ax/third-party-licenses-monitor" "0.15.3"
  optionalDependencies:
    "@ax/diag-linux-x64" "0.15.3"
    "@ax/diag-win-x64" "0.15.3"

"@ax/mod-linux-x64@0.15.3":
  version "0.15.3"
  resolved "https://apax-prod-734703289705.d.codeartifact.eu-central-1.amazonaws.com:443/npm/ax/@ax/mod-linux-x64/-/mod-linux-x64-0.15.3.tgz#bacbc1d0916561eb3e4ff9bbdf828039d89447e8"
  integrity sha512-nOAoC6GMDz43vwMpq0gqGA2uCkHPxCH/elhd0m3gTf75IwWh0Q2Mu05k+kcC7Fi2Qebb/TPY49c7DM2+TSJB5g==
  dependencies:
    "@ax/third-party-licenses-monitor" "0.15.3"

"@ax/mod-win-x64@0.15.3":
  version "0.15.3"
  resolved "https://apax-prod-734703289705.d.codeartifact.eu-central-1.amazonaws.com:443/npm/ax/@ax/mod-win-x64/-/mod-win-x64-0.15.3.tgz#42d89a3857e3c361d22d966537bdf595ab87ffac"
  integrity sha512-IadIh3BVH1x81+m/QaKtRTHIwS4L33YuRnV8ujZuUG0P3QL/6hAUCVxh2/sW56aMczhJlprJ/uVuLXhqYwvG4Q==
  dependencies:
    "@ax/third-party-licenses-monitor" "0.15.3"

"@ax/mod@0.15.3":
  version "0.15.3"
  resolved "https://apax-prod-734703289705.d.codeartifact.eu-central-1.amazonaws.com:443/npm/ax/@ax/mod/-/mod-0.15.3.tgz#222619726cd30a20b2ab83e84de6f9e21c0760ba"
  integrity sha512-fRoVrAZMH5/fni0Ja/rwtKrJpgmBXe+tqYn4iAwHk5ufjBN+XkJc046NINXGjkp6jLav5k2GX8EAYICi1XL//g==
  dependencies:
    "@ax/third-party-licenses-monitor" "0.15.3"
  optionalDependencies:
    "@ax/mod-linux-x64" "0.15.3"
    "@ax/mod-win-x64" "0.15.3"

"@ax/mon-linux-x64@0.15.3":
  version "0.15.3"
  resolved "https://apax-prod-734703289705.d.codeartifact.eu-central-1.amazonaws.com:443/npm/ax/@ax/mon-linux-x64/-/mon-linux-x64-0.15.3.tgz#c9c0120f160d2b1c6d7ad7f5c9fd2fef90603e9e"
  integrity sha512-Y5rlMeW9a5RS0NkdRSn2ehX9xcLPbY9P+0YEO7EY2Z1r4RH2/1or0hVhmire7kK2aZ6BWtQrD46zC5jsR2Mmog==
  dependencies:
    "@ax/third-party-licenses-monitor" "0.15.3"

"@ax/mon-win-x64@0.15.3":
  version "0.15.3"
  resolved "https://apax-prod-734703289705.d.codeartifact.eu-central-1.amazonaws.com:443/npm/ax/@ax/mon-win-x64/-/mon-win-x64-0.15.3.tgz#09048430844028cf2cdfd703a44ba4a29a2bba70"
  integrity sha512-Tuen8WWbVpZyxYHRjbW5LsiX+qp+wIb87Y5rVxD/BfqQdipmSVXAjnAXi+IaOZeOiP/IYGkzeHhM9AHHbDCDiw==
  dependencies:
    "@ax/third-party-licenses-monitor" "0.15.3"

"@ax/mon@0.15.3":
  version "0.15.3"
  resolved "https://apax-prod-734703289705.d.codeartifact.eu-central-1.amazonaws.com:443/npm/ax/@ax/mon/-/mon-0.15.3.tgz#49567bdd32114fbdf28f29585e0ec0a6cedea229"
  integrity sha512-+DvH5bUCI3GUpzlvaFkGQa789YPHFVY+DZnNXAgpvph8weB+pTw/IvDCeHIOLJn7LsS9HfGo8DiO2VHn1UCjug==
  dependencies:
    "@ax/third-party-licenses-monitor" "0.15.3"
  optionalDependencies:
    "@ax/mon-linux-x64" "0.15.3"
    "@ax/mon-win-x64" "0.15.3"

"@ax/sdb-linux-x64@0.15.3":
  version "0.15.3"
  resolved "https://apax-prod-734703289705.d.codeartifact.eu-central-1.amazonaws.com:443/npm/ax/@ax/sdb-linux-x64/-/sdb-linux-x64-0.15.3.tgz#8f4e48c06821bfa34c98d34d24e65521424b3a9d"
  integrity sha512-snHZeFP2FkQ+Q+VDHXafbjboOXk7qAdQHwPjZ7RAt1D9mkW4RiyrRpSLAKkAyIHidyN+gkx50taVUWVkraauhA==
  dependencies:
    "@ax/third-party-licenses-monitor" "0.15.3"

"@ax/sdb-win-x64@0.15.3":
  version "0.15.3"
  resolved "https://apax-prod-734703289705.d.codeartifact.eu-central-1.amazonaws.com:443/npm/ax/@ax/sdb-win-x64/-/sdb-win-x64-0.15.3.tgz#212eec2ac7670dad103a50a7371a13af76d14966"
  integrity sha512-DccUyrlc0TvvjmMwRMhJjBCTa8u5DJqbrZV5GL/YLVOHHI5VIfIJmrhF1DesKi1JjnsusELKBAEpT3G22xq+FA==
  dependencies:
    "@ax/third-party-licenses-monitor" "0.15.3"

"@ax/sdb@0.15.3":
  version "0.15.3"
  resolved "https://apax-prod-734703289705.d.codeartifact.eu-central-1.amazonaws.com:443/npm/ax/@ax/sdb/-/sdb-0.15.3.tgz#ff3bd8ebe9a45dc2c677858f2b41e9bddff0a7dd"
  integrity sha512-kNykqUs/gaFLFhSnGdbgLkqHfqJWEMGvxSsLKpoZASiosohn1VwHoS2bDYzf+oeqjS3gChUgNaak1ilzSIGj1g==
  dependencies:
    "@ax/third-party-licenses-monitor" "0.15.3"
  optionalDependencies:
    "@ax/sdb-linux-x64" "0.15.3"
    "@ax/sdb-win-x64" "0.15.3"

"@ax/sdk@1.0.127":
  version "1.0.127"
  resolved "https://apax-prod-734703289705.d.codeartifact.eu-central-1.amazonaws.com:443/npm/ax/@ax/sdk/-/sdk-1.0.127.tgz#e29f845c8e080e78ee8203f0ed0be6dd68ea7c52"
  integrity sha512-W2l0UCrRXdHaFlWJYT03EfgKsLTY8yAYlyic47hl5ZANCS4e0E2Gek1z7ciSv250YQ3k4v/GXEyuoxn1Wb2wSA==
  dependencies:
    "@ax/axunit" "1.5.4314"
    "@ax/diag" "0.15.3"
    "@ax/st" "1.0.127"
    "@ax/target-llvm" "2.1.36"
    "@ax/target-mc7plus" "2.1.36"
  optionalDependencies:
    "@ax/mod" "0.15.3"
    "@ax/mon" "0.15.3"
    "@ax/sdb" "0.15.3"
    "@ax/sld" "0.10.5"

"@ax/sld-linux-x64@0.10.5":
  version "0.10.5"
  resolved "https://apax-prod-734703289705.d.codeartifact.eu-central-1.amazonaws.com:443/npm/ax/@ax/sld-linux-x64/-/sld-linux-x64-0.10.5.tgz#c8b58ddb15125f7f5093f91b7e5a62681c3937cf"
  integrity sha512-Lt1iB+tZG2IetU+rjm9v70FwtvRA/RLMTk9CDUjg8DYj0MH0m5bJzqfl5pYNzo0/RoT04p5+DmbSKXzULWULxg==
  dependencies:
    "@ax/third-party-licenses-plc-loader" "0.10.5"

"@ax/sld-win-x64@0.10.5":
  version "0.10.5"
  resolved "https://apax-prod-734703289705.d.codeartifact.eu-central-1.amazonaws.com:443/npm/ax/@ax/sld-win-x64/-/sld-win-x64-0.10.5.tgz#9e300970d3e3193dff795ae6d2b438f42666eb42"
  integrity sha512-FjxtYWuyyIbQLZiT3GdrvtJqDFKydnKHOfjMotAKGqjdh5EAqtDQbrZ1y4b9A3Lf5/6pXzh7wnaAbp8HLEUQSA==
  dependencies:
    "@ax/third-party-licenses-plc-loader" "0.10.5"

"@ax/sld@0.10.5":
  version "0.10.5"
  resolved "https://apax-prod-734703289705.d.codeartifact.eu-central-1.amazonaws.com:443/npm/ax/@ax/sld/-/sld-0.10.5.tgz#74598740693cdb3cb9cb88fa4162157ceff3cd0e"
  integrity sha512-/hjOkq/FmOzKDmjxSCaHBiUNSec6wZmMSfVdKoBDC8eWcA1ylmlsO5LfBGCYUbscyEmRN/4UKRDFkI2eMyCrcw==
  dependencies:
    "@ax/third-party-licenses-plc-loader" "0.10.5"
  optionalDependencies:
    "@ax/sld-linux-x64" "0.10.5"
    "@ax/sld-win-x64" "0.10.5"

"@ax/st-docs@2.1.36":
  version "2.1.36"
  resolved "https://apax-prod-734703289705.d.codeartifact.eu-central-1.amazonaws.com:443/npm/ax/@ax/st-docs/-/st-docs-2.1.36.tgz#68aafce88c005071215f9ce30e9c6b3f616adb60"
  integrity sha512-OnQh6Blg7vVJyiQciKZXT1wgVC9IwSyn5xNJQTJnXRcUioMYaA2bJ4l/66FUIAKRL9cMXR6G3PTHkNuqcxngpA==
  dependencies:
    "@ax/third-party-licenses-st-compiler" "2.1.36"

"@ax/st@1.0.127":
  version "1.0.127"
  resolved "https://apax-prod-734703289705.d.codeartifact.eu-central-1.amazonaws.com:443/npm/ax/@ax/st/-/st-1.0.127.tgz#0f908d71dfec05b9afb45f35e87443f0e4398575"
  integrity sha512-1wvOQXKNmj+KTspTjy2+nbLh6+Aibi4y8MGTvM5sCw4be2xHdgG55xYPV2pO1WrS6ND61Jb9WnocHU39vbiHrA==
  dependencies:
    "@ax/apax-build" "0.4.1"
    "@ax/stc" "2.1.36"

"@ax/stc-linux-x64@2.1.36":
  version "2.1.36"
  resolved "https://apax-prod-734703289705.d.codeartifact.eu-central-1.amazonaws.com:443/npm/ax/@ax/stc-linux-x64/-/stc-linux-x64-2.1.36.tgz#3c0727e542d47dc9bf0cec1bd06eaff6a9bccaa0"
  integrity sha512-0abnjlnjQKpybBkF77SZd/XJJcuSIusFxGz/++U4gSuEBisQXdBdFjTZ4ErBoVptHVbn6g8sEgrMFdu3559jNg==
  dependencies:
    "@ax/st-docs" "2.1.36"
    "@ax/third-party-licenses-st-compiler" "2.1.36"

"@ax/stc-win-x64@2.1.36":
  version "2.1.36"
  resolved "https://apax-prod-734703289705.d.codeartifact.eu-central-1.amazonaws.com:443/npm/ax/@ax/stc-win-x64/-/stc-win-x64-2.1.36.tgz#20f353c6473f4f3355e263733b2e85ae5403a301"
  integrity sha512-RLmVwOdfiNxHcnFf1Et+MTiFpIycXlXYlXgGKNyV/VE6uscNU7TNuESlq2LhwU3kesU83LzCKcjsiPlGsk0+Mw==
  dependencies:
    "@ax/st-docs" "2.1.36"
    "@ax/third-party-licenses-st-compiler" "2.1.36"

"@ax/stc@2.1.36":
  version "2.1.36"
  resolved "https://apax-prod-734703289705.d.codeartifact.eu-central-1.amazonaws.com:443/npm/ax/@ax/stc/-/stc-2.1.36.tgz#f4e449c90f03d56273cda81d1c47aca2b0144187"
  integrity sha512-di9r7HxEFZQWELB+zWmcBoO41p6VzFVeN1cys5tb/oo8MM6qOHG3rjNnazV4VpFyIOUVmFGMSU8cXgA6UbUS3A==
  dependencies:
    "@ax/third-party-licenses-st-compiler" "2.1.36"
  optionalDependencies:
    "@ax/stc-linux-x64" "2.1.36"
    "@ax/stc-win-x64" "2.1.36"

"@ax/system-timer@1.0.12":
  version "1.0.12"
  resolved "https://apax-prod-734703289705.d.codeartifact.eu-central-1.amazonaws.com:443/npm/ax/@ax/system-timer/-/system-timer-1.0.12.tgz#7ee8e676894d2c0dcdde85b1b0911417d354c72f"
  integrity sha512-nEZXOAQmPF/fF+OC3tvAXyItWHrD20gaFXvjTV3eAjfyzIMChKnGl+33R+QkYqInqTUcKfyIVVv+BvAurXVgLg==

"@ax/target-axunit@1.5.4314":
  version "1.5.4314"
  resolved "https://apax-prod-734703289705.d.codeartifact.eu-central-1.amazonaws.com:443/npm/ax/@ax/target-axunit/-/target-axunit-1.5.4314.tgz#8754c45060ac78119e1ee6d33fee3b914003d6e8"
  integrity sha512-ArFJc7kMasEMyd6ZJYk2ASXp4fLYkvYKt67VGjMvL2iI+btxqkJqNCKktGtJsXm5m1Fucv50QUAsRj7z3YKSmA==

"@ax/target-llvm-linux-x64@2.1.36":
  version "2.1.36"
  resolved "https://apax-prod-734703289705.d.codeartifact.eu-central-1.amazonaws.com:443/npm/ax/@ax/target-llvm-linux-x64/-/target-llvm-linux-x64-2.1.36.tgz#0bb5cf7dfb77ad5786884896011947c5ac40c89b"
  integrity sha512-USPCc24dN8o41CY8VFlpmCzCksFYx5G3k+xznC6VewFAw4g+nHtHbcOY9eiYPqV3GgX3PPvE5XZcfH8t3/aYjg==
  dependencies:
    "@ax/third-party-licenses-st-compiler" "2.1.36"

"@ax/target-llvm-win-x64@2.1.36":
  version "2.1.36"
  resolved "https://apax-prod-734703289705.d.codeartifact.eu-central-1.amazonaws.com:443/npm/ax/@ax/target-llvm-win-x64/-/target-llvm-win-x64-2.1.36.tgz#985f6dfc39fda586813fcf14c016618fb33d2eb1"
  integrity sha512-jmyUUM3n/CGVXu08IqKo0BN5NVVf9S1/vaBmuJpmOUGn2FyNFKWUgomqjdX/LrHyC53ns9GJXV3kNGewAZ8MkQ==
  dependencies:
    "@ax/third-party-licenses-st-compiler" "2.1.36"

"@ax/target-llvm@2.1.36":
  version "2.1.36"
  resolved "https://apax-prod-734703289705.d.codeartifact.eu-central-1.amazonaws.com:443/npm/ax/@ax/target-llvm/-/target-llvm-2.1.36.tgz#8461cae5e612e4d11fc24d29614077f8063fe600"
  integrity sha512-zieoYDFn52+A1S4irQu7axySpNo5NHyzwotfDBEDOdk+hlP+GL03h0HYZMFIxXjjXZX9FO0lvvdWIomqRfSJ6A==
  dependencies:
    "@ax/third-party-licenses-st-compiler" "2.1.36"
  optionalDependencies:
    "@ax/target-llvm-linux-x64" "2.1.36"
    "@ax/target-llvm-win-x64" "2.1.36"

"@ax/target-mc7plus-linux-x64@2.1.36":
  version "2.1.36"
  resolved "https://apax-prod-734703289705.d.codeartifact.eu-central-1.amazonaws.com:443/npm/ax/@ax/target-mc7plus-linux-x64/-/target-mc7plus-linux-x64-2.1.36.tgz#242413fe0468a6f7d4802389ad641cf15e3161fa"
  integrity sha512-kT6RYH1+TMGkndKGQigtMnVwlXwkVRf6k5Tz+sLVkpFwUnThC0NV5qj4EMdHub2O0waOUWMxD0lZwyym6aov+Q==
  dependencies:
    "@ax/third-party-licenses-st-compiler" "2.1.36"

"@ax/target-mc7plus-win-x64@2.1.36":
  version "2.1.36"
  resolved "https://apax-prod-734703289705.d.codeartifact.eu-central-1.amazonaws.com:443/npm/ax/@ax/target-mc7plus-win-x64/-/target-mc7plus-win-x64-2.1.36.tgz#0b13cb863419314abfefae8a95ceb2b39b87e644"
  integrity sha512-mbSKjxQHyht4dq/eaj3conyW/5Yd8essLsXgNsFxZpQ4PbEj8O/FONrZZMH82uLpxCpGpYUELiqv0HHNkfncYg==
  dependencies:
    "@ax/third-party-licenses-st-compiler" "2.1.36"

"@ax/target-mc7plus@2.1.36":
  version "2.1.36"
  resolved "https://apax-prod-734703289705.d.codeartifact.eu-central-1.amazonaws.com:443/npm/ax/@ax/target-mc7plus/-/target-mc7plus-2.1.36.tgz#3d8309f5c460c777e61d4d4527e5ff9ed3168cc0"
  integrity sha512-iLs9qtRK66Uq74HJuznrY4RMVDQLvwolW0Bch9cwKlwFRHUn+3B/amQP1ICbimiLHT32osB8S0/g8/d6ZmaZyg==
  dependencies:
    "@ax/third-party-licenses-st-compiler" "2.1.36"
  optionalDependencies:
    "@ax/target-mc7plus-linux-x64" "2.1.36"
    "@ax/target-mc7plus-win-x64" "2.1.36"

"@ax/third-party-licenses-apax-build@0.4.1":
  version "0.4.1"
  resolved "https://apax-prod-734703289705.d.codeartifact.eu-central-1.amazonaws.com:443/npm/ax/@ax/third-party-licenses-apax-build/-/third-party-licenses-apax-build-0.4.1.tgz#50a21469262f3fd90da6e3b9af9b44bdaea785ec"
  integrity sha512-/YgYAtdgvpRdwAKfRBcn+/ghDSEkUy6apvVqAbz0BiGseq1L5EhRbe0E2O6aoylo4gykGv0ZvzztJw+sf4Ch7Q==

"@ax/third-party-licenses-build-native@10.0.501":
  version "10.0.501"
  resolved "https://apax-prod-734703289705.d.codeartifact.eu-central-1.amazonaws.com:443/npm/ax/@ax/third-party-licenses-build-native/-/third-party-licenses-build-native-10.0.501.tgz#32574732ff16694aa54ece5f543712bd9b6e05f0"
  integrity sha512-+3jSBG7VnaarKBmu61sWfi3PJE1lZOFKD4WnP5oLQIjZLbsDhA8zeW8okYaBGtvah+pZL+qK+xkPfRdP3AJQSg==

"@ax/third-party-licenses-monitor@0.15.3":
  version "0.15.3"
  resolved "https://apax-prod-734703289705.d.codeartifact.eu-central-1.amazonaws.com:443/npm/ax/@ax/third-party-licenses-monitor/-/third-party-licenses-monitor-0.15.3.tgz#58ed6294bfe16301a9adcaed9536daf80612669a"
  integrity sha512-ropfzKOyt/5vx0GL8fa+BeNTSxmh1KOsyGAzXxP/M6/gChLIKAWbr+ng/mE3QFEUbQyaiV3HXA7PJafEtLGMCw==

"@ax/third-party-licenses-plc-loader@0.10.5":
  version "0.10.5"
  resolved "https://apax-prod-734703289705.d.codeartifact.eu-central-1.amazonaws.com:443/npm/ax/@ax/third-party-licenses-plc-loader/-/third-party-licenses-plc-loader-0.10.5.tgz#0b6c66dd30e12ed1b156b6f6d9aa177220635cf6"
  integrity sha512-AWVvtxtHYro2evewcdviPa9+QBiWiSx46Dql1vUNN+znKTk6e7rTICRovquc3z0pTIyvxGfQl43JpbkBw6XWhg==

"@ax/third-party-licenses-st-compiler@2.1.36":
  version "2.1.36"
  resolved "https://apax-prod-734703289705.d.codeartifact.eu-central-1.amazonaws.com:443/npm/ax/@ax/third-party-licenses-st-compiler/-/third-party-licenses-st-compiler-2.1.36.tgz#bcae26288e75d9e784ef3721c6a89b69b96e8e9e"
  integrity sha512-Ff65DOb1ndNkn90o35LaPss7guw4hlbQkYQzkxVvFMp/GJJuL3eUfc+1kpcbBXBFWiyhM8R34hFPMcK5gZPYRA==

"@simatic-ax/snippetscollection@0.0.3":
  version "0.0.3"
  resolved "https://npm.pkg.github.com/download/@simatic-ax/snippetscollection/0.0.3/f7123a66d652a8c78759281f26d55a38a9cb6c41b1838f225a5090acf9b0a1cb#82289ff72546c3adf24a3c5d79150f88a34033f3"
  integrity sha512-uqctAHzt1DpFJ5llYOxhkvYmbh0c1M51KVKgGD1+B9HE+jhP7U7psUJbAD+WszfKp18lU8Ho49TH3FRKD+fJOw==
